// !$*UTF8*$!
{
	archiveVersion = 1;
	classes = {
	};
	objectVersion = 50;
	objects = {

/* Begin PBXBuildFile section */
		67192EC12478400300219CAA /* AppDelegate.swift in Sources */ = {isa = PBXBuildFile; fileRef = 67192EC02478400300219CAA /* AppDelegate.swift */; };
		67192EC32478400300219CAA /* SceneDelegate.swift in Sources */ = {isa = PBXBuildFile; fileRef = 67192EC22478400300219CAA /* SceneDelegate.swift */; };
		67192EC52478400300219CAA /* ViewController.swift in Sources */ = {isa = PBXBuildFile; fileRef = 67192EC42478400300219CAA /* ViewController.swift */; };
		67192EC82478400300219CAA /* Main.storyboard in Resources */ = {isa = PBXBuildFile; fileRef = 67192EC62478400300219CAA /* Main.storyboard */; };
		67192ECB2478400300219CAA /* DarkSkyAPISample.xcdatamodeld in Sources */ = {isa = PBXBuildFile; fileRef = 67192EC92478400300219CAA /* DarkSkyAPISample.xcdatamodeld */; };
		67192ECD2478400500219CAA /* Assets.xcassets in Resources */ = {isa = PBXBuildFile; fileRef = 67192ECC2478400500219CAA /* Assets.xcassets */; };
		67192ED02478400500219CAA /* LaunchScreen.storyboard in Resources */ = {isa = PBXBuildFile; fileRef = 67192ECE2478400500219CAA /* LaunchScreen.storyboard */; };
		67192ED92478620A00219CAA /* HourlyCollectionViewCell.swift in Sources */ = {isa = PBXBuildFile; fileRef = 67192ED82478620A00219CAA /* HourlyCollectionViewCell.swift */; };
		67192EDC2478627100219CAA /* DailyTableViewCell.swift in Sources */ = {isa = PBXBuildFile; fileRef = 67192EDB2478627100219CAA /* DailyTableViewCell.swift */; };
		6722BE582479529F00D9342A /* ViewController + CoreLocation.swift in Sources */ = {isa = PBXBuildFile; fileRef = 6722BE572479529F00D9342A /* ViewController + CoreLocation.swift */; };
		6722BE5B2479549500D9342A /* DarkSkyStructure.swift in Sources */ = {isa = PBXBuildFile; fileRef = 6722BE5A2479549500D9342A /* DarkSkyStructure.swift */; };
		67D692312478656C00A8567C /* ViewContoller + Table.swift in Sources */ = {isa = PBXBuildFile; fileRef = 67D692302478656C00A8567C /* ViewContoller + Table.swift */; };
		67D692332478661300A8567C /* ViewContoller + Collection.swift in Sources */ = {isa = PBXBuildFile; fileRef = 67D692322478661300A8567C /* ViewContoller + Collection.swift */; };
		67D69235247867E800A8567C /* ViewController + Search.swift in Sources */ = {isa = PBXBuildFile; fileRef = 67D69234247867E800A8567C /* ViewController + Search.swift */; };
/* End PBXBuildFile section */

/* Begin PBXFileReference section */
		67192EBD2478400300219CAA /* DarkSkyAPISample.app */ = {isa = PBXFileReference; explicitFileType = wrapper.application; includeInIndex = 0; path = DarkSkyAPISample.app; sourceTree = BUILT_PRODUCTS_DIR; };
		67192EC02478400300219CAA /* AppDelegate.swift */ = {isa = PBXFileReference; lastKnownFileType = sourcecode.swift; path = AppDelegate.swift; sourceTree = "<group>"; };
		67192EC22478400300219CAA /* SceneDelegate.swift */ = {isa = PBXFileReference; lastKnownFileType = sourcecode.swift; path = SceneDelegate.swift; sourceTree = "<group>"; };
		67192EC42478400300219CAA /* ViewController.swift */ = {isa = PBXFileReference; lastKnownFileType = sourcecode.swift; path = ViewController.swift; sourceTree = "<group>"; };
		67192EC72478400300219CAA /* Base */ = {isa = PBXFileReference; lastKnownFileType = file.storyboard; name = Base; path = Base.lproj/Main.storyboard; sourceTree = "<group>"; };
		67192ECA2478400300219CAA /* DarkSkyAPISample.xcdatamodel */ = {isa = PBXFileReference; lastKnownFileType = wrapper.xcdatamodel; path = DarkSkyAPISample.xcdatamodel; sourceTree = "<group>"; };
		67192ECC2478400500219CAA /* Assets.xcassets */ = {isa = PBXFileReference; lastKnownFileType = folder.assetcatalog; path = Assets.xcassets; sourceTree = "<group>"; };
		67192ECF2478400500219CAA /* Base */ = {isa = PBXFileReference; lastKnownFileType = file.storyboard; name = Base; path = Base.lproj/LaunchScreen.storyboard; sourceTree = "<group>"; };
		67192ED12478400500219CAA /* Info.plist */ = {isa = PBXFileReference; lastKnownFileType = text.plist.xml; path = Info.plist; sourceTree = "<group>"; };
		67192ED82478620A00219CAA /* HourlyCollectionViewCell.swift */ = {isa = PBXFileReference; lastKnownFileType = sourcecode.swift; path = HourlyCollectionViewCell.swift; sourceTree = "<group>"; };
		67192EDB2478627100219CAA /* DailyTableViewCell.swift */ = {isa = PBXFileReference; lastKnownFileType = sourcecode.swift; path = DailyTableViewCell.swift; sourceTree = "<group>"; };
		6722BE572479529F00D9342A /* ViewController + CoreLocation.swift */ = {isa = PBXFileReference; lastKnownFileType = sourcecode.swift; path = "ViewController + CoreLocation.swift"; sourceTree = "<group>"; };
		6722BE5A2479549500D9342A /* DarkSkyStructure.swift */ = {isa = PBXFileReference; lastKnownFileType = sourcecode.swift; path = DarkSkyStructure.swift; sourceTree = "<group>"; };
		67D692302478656C00A8567C /* ViewContoller + Table.swift */ = {isa = PBXFileReference; lastKnownFileType = sourcecode.swift; path = "ViewContoller + Table.swift"; sourceTree = "<group>"; };
		67D692322478661300A8567C /* ViewContoller + Collection.swift */ = {isa = PBXFileReference; lastKnownFileType = sourcecode.swift; path = "ViewContoller + Collection.swift"; sourceTree = "<group>"; };
		67D69234247867E800A8567C /* ViewController + Search.swift */ = {isa = PBXFileReference; lastKnownFileType = sourcecode.swift; path = "ViewController + Search.swift"; sourceTree = "<group>"; };
/* End PBXFileReference section */

/* Begin PBXFrameworksBuildPhase section */
		67192EBA2478400300219CAA /* Frameworks */ = {
			isa = PBXFrameworksBuildPhase;
			buildActionMask = 2147483647;
			files = (
			);
			runOnlyForDeploymentPostprocessing = 0;
		};
/* End PBXFrameworksBuildPhase section */

/* Begin PBXGroup section */
		67192EB42478400300219CAA = {
			isa = PBXGroup;
			children = (
				67192EBF2478400300219CAA /* DarkSkyAPISample */,
				67192EBE2478400300219CAA /* Products */,
			);
			sourceTree = "<group>";
		};
		67192EBE2478400300219CAA /* Products */ = {
			isa = PBXGroup;
			children = (
				67192EBD2478400300219CAA /* DarkSkyAPISample.app */,
			);
			name = Products;
			sourceTree = "<group>";
		};
		67192EBF2478400300219CAA /* DarkSkyAPISample */ = {
			isa = PBXGroup;
			children = (
				6722BE592479545800D9342A /* Model */,
				67192EDE247862D800219CAA /* Contoller */,
				67192EDD247862CE00219CAA /* View */,
				67D6922F247864F700A8567C /* Extensions */,
				67192EC02478400300219CAA /* AppDelegate.swift */,
				67192EC22478400300219CAA /* SceneDelegate.swift */,
				67192EC62478400300219CAA /* Main.storyboard */,
				67192ECC2478400500219CAA /* Assets.xcassets */,
				67192ECE2478400500219CAA /* LaunchScreen.storyboard */,
				67192ED12478400500219CAA /* Info.plist */,
				67192EC92478400300219CAA /* DarkSkyAPISample.xcdatamodeld */,
			);
			path = DarkSkyAPISample;
			sourceTree = "<group>";
		};
		67192EDD247862CE00219CAA /* View */ = {
			isa = PBXGroup;
			children = (
				67192ED82478620A00219CAA /* HourlyCollectionViewCell.swift */,
				67192EDB2478627100219CAA /* DailyTableViewCell.swift */,
			);
			path = View;
			sourceTree = "<group>";
		};
		67192EDE247862D800219CAA /* Contoller */ = {
			isa = PBXGroup;
			children = (
				67192EC42478400300219CAA /* ViewController.swift */,
			);
			path = Contoller;
			sourceTree = "<group>";
		};
		6722BE592479545800D9342A /* Model */ = {
			isa = PBXGroup;
			children = (
				6722BE5A2479549500D9342A /* DarkSkyStructure.swift */,
			);
			path = Model;
			sourceTree = "<group>";
		};
		67D6922F247864F700A8567C /* Extensions */ = {
			isa = PBXGroup;
			children = (
				67D692302478656C00A8567C /* ViewContoller + Table.swift */,
				67D692322478661300A8567C /* ViewContoller + Collection.swift */,
				67D69234247867E800A8567C /* ViewController + Search.swift */,
				6722BE572479529F00D9342A /* ViewController + CoreLocation.swift */,
			);
			path = Extensions;
			sourceTree = "<group>";
		};
/* End PBXGroup section */

/* Begin PBXNativeTarget section */
		67192EBC2478400300219CAA /* DarkSkyAPISample */ = {
			isa = PBXNativeTarget;
			buildConfigurationList = 67192ED42478400500219CAA /* Build configuration list for PBXNativeTarget "DarkSkyAPISample" */;
			buildPhases = (
				67192EB92478400300219CAA /* Sources */,
				67192EBA2478400300219CAA /* Frameworks */,
				67192EBB2478400300219CAA /* Resources */,
			);
			buildRules = (
			);
			dependencies = (
			);
			name = DarkSkyAPISample;
			productName = DarkSkyAPISample;
			productReference = 67192EBD2478400300219CAA /* DarkSkyAPISample.app */;
			productType = "com.apple.product-type.application";
		};
/* End PBXNativeTarget section */

/* Begin PBXProject section */
		67192EB52478400300219CAA /* Project object */ = {
			isa = PBXProject;
			attributes = {
				LastSwiftUpdateCheck = 1150;
				LastUpgradeCheck = 1150;
				ORGANIZATIONNAME = burak;
				TargetAttributes = {
					67192EBC2478400300219CAA = {
						CreatedOnToolsVersion = 11.5;
					};
				};
			};
			buildConfigurationList = 67192EB82478400300219CAA /* Build configuration list for PBXProject "DarkSkyAPISample" */;
			compatibilityVersion = "Xcode 9.3";
			developmentRegion = en;
			hasScannedForEncodings = 0;
			knownRegions = (
				en,
				Base,
			);
			mainGroup = 67192EB42478400300219CAA;
			productRefGroup = 67192EBE2478400300219CAA /* Products */;
			projectDirPath = "";
			projectRoot = "";
			targets = (
				67192EBC2478400300219CAA /* DarkSkyAPISample */,
			);
		};
/* End PBXProject section */

/* Begin PBXResourcesBuildPhase section */
		67192EBB2478400300219CAA /* Resources */ = {
			isa = PBXResourcesBuildPhase;
			buildActionMask = 2147483647;
			files = (
				67192ED02478400500219CAA /* LaunchScreen.storyboard in Resources */,
				67192ECD2478400500219CAA /* Assets.xcassets in Resources */,
				67192EC82478400300219CAA /* Main.storyboard in Resources */,
			);
			runOnlyForDeploymentPostprocessing = 0;
		};
/* End PBXResourcesBuildPhase section */

/* Begin PBXSourcesBuildPhase section */
		67192EB92478400300219CAA /* Sources */ = {
			isa = PBXSourcesBuildPhase;
			buildActionMask = 2147483647;
			files = (
				67192EC52478400300219CAA /* ViewController.swift in Sources */,
				67192EC12478400300219CAA /* AppDelegate.swift in Sources */,
				6722BE5B2479549500D9342A /* DarkSkyStructure.swift in Sources */,
				67192ECB2478400300219CAA /* DarkSkyAPISample.xcdatamodeld in Sources */,
				67D69235247867E800A8567C /* ViewController + Search.swift in Sources */,
				6722BE582479529F00D9342A /* ViewController + CoreLocation.swift in Sources */,
				67D692312478656C00A8567C /* ViewContoller + Table.swift in Sources */,
				67192EDC2478627100219CAA /* DailyTableViewCell.swift in Sources */,
				67192EC32478400300219CAA /* SceneDelegate.swift in Sources */,
				67D692332478661300A8567C /* ViewContoller + Collection.swift in Sources */,
				67192ED92478620A00219CAA /* HourlyCollectionViewCell.swift in Sources */,
			);
			runOnlyForDeploymentPostprocessing = 0;
		};
/* End PBXSourcesBuildPhase section */

/* Begin PBXVariantGroup section */
		67192EC62478400300219CAA /* Main.storyboard */ = {
			isa = PBXVariantGroup;
			children = (
				67192EC72478400300219CAA /* Base */,
			);
			name = Main.storyboard;
			sourceTree = "<group>";
		};
		67192ECE2478400500219CAA /* LaunchScreen.storyboard */ = {
			isa = PBXVariantGroup;
			children = (
				67192ECF2478400500219CAA /* Base */,
			);
			name = LaunchScreen.storyboard;
			sourceTree = "<group>";
		};
/* End PBXVariantGroup section */

/* Begin XCBuildConfiguration section */
		67192ED22478400500219CAA /* Debug */ = {
			isa = XCBuildConfiguration;
			buildSettings = {
				ALWAYS_SEARCH_USER_PATHS = NO;
				CLANG_ANALYZER_NONNULL = YES;
				CLANG_ANALYZER_NUMBER_OBJECT_CONVERSION = YES_AGGRESSIVE;
				CLANG_CXX_LANGUAGE_STANDARD = "gnu++14";
				CLANG_CXX_LIBRARY = "libc++";
				CLANG_ENABLE_MODULES = YES;
				CLANG_ENABLE_OBJC_ARC = YES;
				CLANG_ENABLE_OBJC_WEAK = YES;
				CLANG_WARN_BLOCK_CAPTURE_AUTORELEASING = YES;
				CLANG_WARN_BOOL_CONVERSION = YES;
				CLANG_WARN_COMMA = YES;
				CLANG_WARN_CONSTANT_CONVERSION = YES;
				CLANG_WARN_DEPRECATED_OBJC_IMPLEMENTATIONS = YES;
				CLANG_WARN_DIRECT_OBJC_ISA_USAGE = YES_ERROR;
				CLANG_WARN_DOCUMENTATION_COMMENTS = YES;
				CLANG_WARN_EMPTY_BODY = YES;
				CLANG_WARN_ENUM_CONVERSION = YES;
				CLANG_WARN_INFINITE_RECURSION = YES;
				CLANG_WARN_INT_CONVERSION = YES;
				CLANG_WARN_NON_LITERAL_NULL_CONVERSION = YES;
				CLANG_WARN_OBJC_IMPLICIT_RETAIN_SELF = YES;
				CLANG_WARN_OBJC_LITERAL_CONVERSION = YES;
				CLANG_WARN_OBJC_ROOT_CLASS = YES_ERROR;
				CLANG_WARN_RANGE_LOOP_ANALYSIS = YES;
				CLANG_WARN_STRICT_PROTOTYPES = YES;
				CLANG_WARN_SUSPICIOUS_MOVE = YES;
				CLANG_WARN_UNGUARDED_AVAILABILITY = YES_AGGRESSIVE;
				CLANG_WARN_UNREACHABLE_CODE = YES;
				CLANG_WARN__DUPLICATE_METHOD_MATCH = YES;
				COPY_PHASE_STRIP = NO;
				DEBUG_INFORMATION_FORMAT = dwarf;
				ENABLE_STRICT_OBJC_MSGSEND = YES;
				ENABLE_TESTABILITY = YES;
				GCC_C_LANGUAGE_STANDARD = gnu11;
				GCC_DYNAMIC_NO_PIC = NO;
				GCC_NO_COMMON_BLOCKS = YES;
				GCC_OPTIMIZATION_LEVEL = 0;
				GCC_PREPROCESSOR_DEFINITIONS = (
					"DEBUG=1",
					"$(inherited)",
				);
				GCC_WARN_64_TO_32_BIT_CONVERSION = YES;
				GCC_WARN_ABOUT_RETURN_TYPE = YES_ERROR;
				GCC_WARN_UNDECLARED_SELECTOR = YES;
				GCC_WARN_UNINITIALIZED_AUTOS = YES_AGGRESSIVE;
				GCC_WARN_UNUSED_FUNCTION = YES;
				GCC_WARN_UNUSED_VARIABLE = YES;
				IPHONEOS_DEPLOYMENT_TARGET = 13.5;
				MTL_ENABLE_DEBUG_INFO = INCLUDE_SOURCE;
				MTL_FAST_MATH = YES;
				ONLY_ACTIVE_ARCH = YES;
				SDKROOT = iphoneos;
				SWIFT_ACTIVE_COMPILATION_CONDITIONS = DEBUG;
				SWIFT_OPTIMIZATION_LEVEL = "-Onone";
			};
			name = Debug;
		};
		67192ED32478400500219CAA /* Release */ = {
			isa = XCBuildConfiguration;
			buildSettings = {
				ALWAYS_SEARCH_USER_PATHS = NO;
				CLANG_ANALYZER_NONNULL = YES;
				CLANG_ANALYZER_NUMBER_OBJECT_CONVERSION = YES_AGGRESSIVE;
				CLANG_CXX_LANGUAGE_STANDARD = "gnu++14";
				CLANG_CXX_LIBRARY = "libc++";
				CLANG_ENABLE_MODULES = YES;
				CLANG_ENABLE_OBJC_ARC = YES;
				CLANG_ENABLE_OBJC_WEAK = YES;
				CLANG_WARN_BLOCK_CAPTURE_AUTORELEASING = YES;
				CLANG_WARN_BOOL_CONVERSION = YES;
				CLANG_WARN_COMMA = YES;
				CLANG_WARN_CONSTANT_CONVERSION = YES;
				CLANG_WARN_DEPRECATED_OBJC_IMPLEMENTATIONS = YES;
				CLANG_WARN_DIRECT_OBJC_ISA_USAGE = YES_ERROR;
				CLANG_WARN_DOCUMENTATION_COMMENTS = YES;
				CLANG_WARN_EMPTY_BODY = YES;
				CLANG_WARN_ENUM_CONVERSION = YES;
				CLANG_WARN_INFINITE_RECURSION = YES;
				CLANG_WARN_INT_CONVERSION = YES;
				CLANG_WARN_NON_LITERAL_NULL_CONVERSION = YES;
				CLANG_WARN_OBJC_IMPLICIT_RETAIN_SELF = YES;
				CLANG_WARN_OBJC_LITERAL_CONVERSION = YES;
				CLANG_WARN_OBJC_ROOT_CLASS = YES_ERROR;
				CLANG_WARN_RANGE_LOOP_ANALYSIS = YES;
				CLANG_WARN_STRICT_PROTOTYPES = YES;
				CLANG_WARN_SUSPICIOUS_MOVE = YES;
				CLANG_WARN_UNGUARDED_AVAILABILITY = YES_AGGRESSIVE;
				CLANG_WARN_UNREACHABLE_CODE = YES;
				CLANG_WARN__DUPLICATE_METHOD_MATCH = YES;
				COPY_PHASE_STRIP = NO;
				DEBUG_INFORMATION_FORMAT = "dwarf-with-dsym";
				ENABLE_NS_ASSERTIONS = NO;
				ENABLE_STRICT_OBJC_MSGSEND = YES;
				GCC_C_LANGUAGE_STANDARD = gnu11;
				GCC_NO_COMMON_BLOCKS = YES;
				GCC_WARN_64_TO_32_BIT_CONVERSION = YES;
				GCC_WARN_ABOUT_RETURN_TYPE = YES_ERROR;
				GCC_WARN_UNDECLARED_SELECTOR = YES;
				GCC_WARN_UNINITIALIZED_AUTOS = YES_AGGRESSIVE;
				GCC_WARN_UNUSED_FUNCTION = YES;
				GCC_WARN_UNUSED_VARIABLE = YES;
				IPHONEOS_DEPLOYMENT_TARGET = 13.5;
				MTL_ENABLE_DEBUG_INFO = NO;
				MTL_FAST_MATH = YES;
				SDKROOT = iphoneos;
				SWIFT_COMPILATION_MODE = wholemodule;
				SWIFT_OPTIMIZATION_LEVEL = "-O";
				VALIDATE_PRODUCT = YES;
			};
			name = Release;
		};
		67192ED52478400500219CAA /* Debug */ = {
			isa = XCBuildConfiguration;
			buildSettings = {
				ASSETCATALOG_COMPILER_APPICON_NAME = AppIcon;
				CODE_SIGN_STYLE = Automatic;
				INFOPLIST_FILE = DarkSkyAPISample/Info.plist;
				LD_RUNPATH_SEARCH_PATHS = (
					"$(inherited)",
					"@executable_path/Frameworks",
				);
				PRODUCT_BUNDLE_IDENTIFIER = com.burakdemirr.DarkSkyAPISample;
				PRODUCT_NAME = "$(TARGET_NAME)";
				SWIFT_VERSION = 5.0;
				TARGETED_DEVICE_FAMILY = "1,2";
			};
			name = Debug;
		};
		67192ED62478400500219CAA /* Release */ = {
			isa = XCBuildConfiguration;
			buildSettings = {
				ASSETCATALOG_COMPILER_APPICON_NAME = AppIcon;
				CODE_SIGN_STYLE = Automatic;
				INFOPLIST_FILE = DarkSkyAPISample/Info.plist;
				LD_RUNPATH_SEARCH_PATHS = (
					"$(inherited)",
					"@executable_path/Frameworks",
				);
				PRODUCT_BUNDLE_IDENTIFIER = com.burakdemirr.DarkSkyAPISample;
				PRODUCT_NAME = "$(TARGET_NAME)";
				SWIFT_VERSION = 5.0;
				TARGETED_DEVICE_FAMILY = "1,2";
			};
			name = Release;
		};
/* End XCBuildConfiguration section */

/* Begin XCConfigurationList section */
		67192EB82478400300219CAA /* Build configuration list for PBXProject "DarkSkyAPISample" */ = {
			isa = XCConfigurationList;
			buildConfigurations = (
				67192ED22478400500219CAA /* Debug */,
				67192ED32478400500219CAA /* Release */,
			);
			defaultConfigurationIsVisible = 0;
			defaultConfigurationName = Release;
		};
		67192ED42478400500219CAA /* Build configuration list for PBXNativeTarget "DarkSkyAPISample" */ = {
			isa = XCConfigurationList;
			buildConfigurations = (
				67192ED52478400500219CAA /* Debug */,
				67192ED62478400500219CAA /* Release */,
			);
			defaultConfigurationIsVisible = 0;
			defaultConfigurationName = Release;
		};
/* End XCConfigurationList section */

/* Begin XCVersionGroup section */
		67192EC92478400300219CAA /* DarkSkyAPISample.xcdatamodeld */ = {
			isa = XCVersionGroup;
			children = (
				67192ECA2478400300219CAA /* DarkSkyAPISample.xcdatamodel */,
			);
			currentVersion = 67192ECA2478400300219CAA /* DarkSkyAPISample.xcdatamodel */;
			path = DarkSkyAPISample.xcdatamodeld;
			sourceTree = "<group>";
			versionGroupType = wrapper.xcdatamodel;
		};
/* End XCVersionGroup section */
	};
	rootObject = 67192EB52478400300219CAA /* Project object */;
}
